
Microsoft Visual Studio Solution File, Format Version 12.00
# Visual Studio Version 17
VisualStudioVersion = 17.6.33723.286
MinimumVisualStudioVersion = 10.0.40219.1
Project("{FAE04EC0-301F-11D3-BF4B-00C04F79EFBC}") = "TemperatureConverter", "TemperatureConverter\TemperatureConverter.csproj", "{42727A2D-97D5-451D-8E47-4FFBFAA20E55}"
EndProject
Global
	GlobalSection(SolutionConfigurationPlatforms) = preSolution
		Debug|Any CPU = Debug|Any CPU
		Release|Any CPU = Release|Any CPU
	EndGlobalSection
	GlobalSection(ProjectConfigurationPlatforms) = postSolution
		{42727A2D-97D5-451D-8E47-4FFBFAA20E55}.Debug|Any CPU.ActiveCfg = Debug|Any CPU
		{42727A2D-97D5-451D-8E47-4FFBFAA20E55}.Debug|Any CPU.Build.0 = Debug|Any CPU
		{42727A2D-97D5-451D-8E47-4FFBFAA20E55}.Release|Any CPU.ActiveCfg = Release|Any CPU
		{42727A2D-97D5-451D-8E47-4FFBFAA20E55}.Release|Any CPU.Build.0 = Release|Any CPU
	EndGlobalSection
	GlobalSection(SolutionProperties) = preSolution
		HideSolutionNode = FALSE
	EndGlobalSection
	GlobalSection(ExtensibilityGlobals) = postSolution
		SolutionGuid = {860A7E28-0FBD-4D99-A3F4-CA3FF1675848}
	EndGlobalSection
EndGlobal
